
Microsoft Visual Studio Solution File, Format Version 12.00
# Visual Studio 2012
Project("{FAE04EC0-301F-11D3-BF4B-00C04F79EFBC}") = "QLBS", "QLBS\QLBS.csproj", "{7671BCFA-5D8B-491D-AE28-7AF7D808D41B}"
EndProject
Global
	GlobalSection(SolutionConfigurationPlatforms) = preSolution
		Debug|Any CPU = Debug|Any CPU
		Release|Any CPU = Release|Any CPU
	EndGlobalSection
	GlobalSection(ProjectConfigurationPlatforms) = postSolution
		{7671BCFA-5D8B-491D-AE28-7AF7D808D41B}.Debug|Any CPU.ActiveCfg = Debug|Any CPU
		{7671BCFA-5D8B-491D-AE28-7AF7D808D41B}.Debug|Any CPU.Build.0 = Debug|Any CPU
		{7671BCFA-5D8B-491D-AE28-7AF7D808D41B}.Release|Any CPU.ActiveCfg = Release|Any CPU
		{7671BCFA-5D8B-491D-AE28-7AF7D808D41B}.Release|Any CPU.Build.0 = Release|Any CPU
	EndGlobalSection
	GlobalSection(SolutionProperties) = preSolution
		HideSolutionNode = FALSE
	EndGlobalSection
EndGlobal
